<?xml version="1.0" encoding="utf-8"?>
<Project ToolsVersion="4.0" xmlns="http://schemas.microsoft.com/developer/msbuild/2003">
  <ItemGroup>
    <Filter Include="Main">
      <UniqueIdentifier>{4FC737F1-C7A5-4376-A066-2A32D752A2FF}</UniqueIdentifier>
      <Extensions>cpp;c;cc;cxx;def;odl;idl;hpj;bat;asm;asmx</Extensions>
    </Filter>
    <Filter Include="GlutInterface">
      <UniqueIdentifier>{93995380-89BD-4b04-88EB-625FBE52EBFB}</UniqueIdentifier>
      <Extensions>h;hpp;hxx;hm;inl;inc;xsd</Extensions>
    </Filter>
    <Filter Include="Shader Program">
      <UniqueIdentifier>{67DA6AB6-F800-4c08-8B7A-83BB121AAD01}</UniqueIdentifier>
      <Extensions>rc;ico;cur;bmp;dlg;rc2;rct;bin;rgs;gif;jpg;jpeg;jpe;resx;tiff;tif;png;wav;mfcribbon-ms</Extensions>
    </Filter>
  </ItemGroup>
  <ItemGroup>
    <ClCompile Include="main.cpp">
      <Filter>Main</Filter>
    </ClCompile>
    <ClCompile Include="GlutInterface.cpp">
      <Filter>GlutInterface</Filter>
    </ClCompile>
    <ClCompile Include="GlutCallbacks.cpp">
      <Filter>GlutInterface</Filter>
    </ClCompile>
  </ItemGroup>
  <ItemGroup>
    <ClInclude Include="GlutInterface.h">
      <Filter>GlutInterface</Filter>
    </ClInclude>
    <ClInclude Include="GlutCallbacks.h">
      <Filter>GlutInterface</Filter>
    </ClInclude>
    <ClInclude Include="GlutCommon.h">
      <Filter>GlutInterface</Filter>
    </ClInclude>
    <ClInclude Include="Quaternion.hpp">
      <Filter>GlutInterface</Filter>
    </ClInclude>
  </ItemGroup>
  <ItemGroup>
    <None Include="glsl.frag">
      <Filter>Shader Program</Filter>
    </None>
    <None Include="glsl.vert">
      <Filter>Shader Program</Filter>
    </None>
    <None Include="edge.frag">
      <Filter>Shader Program</Filter>
    </None>
    <None Include="edge.vert">
      <Filter>Shader Program</Filter>
    </None>
    <None Include="gooch.frag">
      <Filter>Shader Program</Filter>
    </None>
    <None Include="normal.frag">
      <Filter>Shader Program</Filter>
    </None>
  </ItemGroup>
</Project>